// !$*UTF8*$!
{
	archiveVersion = 1;
	classes = {
	};
	objectVersion = 48;
	objects = {

/* Begin PBXBuildFile section */
		CEEDB889201746E30027A3D6 /* AppDelegate.m in Sources */ = {isa = PBXBuildFile; fileRef = CEEDB888201746E30027A3D6 /* AppDelegate.m */; };
		CEEDB88C201746E30027A3D6 /* ViewController.m in Sources */ = {isa = PBXBuildFile; fileRef = CEEDB88B201746E30027A3D6 /* ViewController.m */; };
		CEEDB891201746E30027A3D6 /* Assets.xcassets in Resources */ = {isa = PBXBuildFile; fileRef = CEEDB890201746E30027A3D6 /* Assets.xcassets */; };
		CEEDB894201746E30027A3D6 /* LaunchScreen.storyboard in Resources */ = {isa = PBXBuildFile; fileRef = CEEDB892201746E30027A3D6 /* LaunchScreen.storyboard */; };
		CEEDB897201746E30027A3D6 /* main.m in Sources */ = {isa = PBXBuildFile; fileRef = CEEDB896201746E30027A3D6 /* main.m */; };
		CEEDB8A1201746E30027A3D6 /* oooTests.m in Sources */ = {isa = PBXBuildFile; fileRef = CEEDB8A0201746E30027A3D6 /* oooTests.m */; };
		CEEDB8AC201746E30027A3D6 /* oooUITests.m in Sources */ = {isa = PBXBuildFile; fileRef = CEEDB8AB201746E30027A3D6 /* oooUITests.m */; };
/* End PBXBuildFile section */

/* Begin PBXContainerItemProxy section */
		CEEDB89D201746E30027A3D6 /* PBXContainerItemProxy */ = {
			isa = PBXContainerItemProxy;
			containerPortal = CEEDB87C201746E20027A3D6 /* Project object */;
			proxyType = 1;
			remoteGlobalIDString = CEEDB883201746E20027A3D6;
			remoteInfo = ooo;
		};
		CEEDB8A8201746E30027A3D6 /* PBXContainerItemProxy */ = {
			isa = PBXContainerItemProxy;
			containerPortal = CEEDB87C201746E20027A3D6 /* Project object */;
			proxyType = 1;
			remoteGlobalIDString = CEEDB883201746E20027A3D6;
			remoteInfo = ooo;
		};
/* End PBXContainerItemProxy section */

/* Begin PBXFileReference section */
		CEEDB884201746E20027A3D6 /* ooo.app */ = {isa = PBXFileReference; explicitFileType = wrapper.application; includeInIndex = 0; path = ooo.app; sourceTree = BUILT_PRODUCTS_DIR; };
		CEEDB887201746E20027A3D6 /* AppDelegate.h */ = {isa = PBXFileReference; lastKnownFileType = sourcecode.c.h; path = AppDelegate.h; sourceTree = "<group>"; };
		CEEDB888201746E30027A3D6 /* AppDelegate.m */ = {isa = PBXFileReference; lastKnownFileType = sourcecode.c.objc; path = AppDelegate.m; sourceTree = "<group>"; };
		CEEDB88A201746E30027A3D6 /* ViewController.h */ = {isa = PBXFileReference; lastKnownFileType = sourcecode.c.h; path = ViewController.h; sourceTree = "<group>"; };
		CEEDB88B201746E30027A3D6 /* ViewController.m */ = {isa = PBXFileReference; lastKnownFileType = sourcecode.c.objc; path = ViewController.m; sourceTree = "<group>"; };
		CEEDB890201746E30027A3D6 /* Assets.xcassets */ = {isa = PBXFileReference; lastKnownFileType = folder.assetcatalog; path = Assets.xcassets; sourceTree = "<group>"; };
		CEEDB893201746E30027A3D6 /* Base */ = {isa = PBXFileReference; lastKnownFileType = file.storyboard; name = Base; path = Base.lproj/LaunchScreen.storyboard; sourceTree = "<group>"; };
		CEEDB895201746E30027A3D6 /* Info.plist */ = {isa = PBXFileReference; lastKnownFileType = text.plist.xml; path = Info.plist; sourceTree = "<group>"; };
		CEEDB896201746E30027A3D6 /* main.m */ = {isa = PBXFileReference; lastKnownFileType = sourcecode.c.objc; path = main.m; sourceTree = "<group>"; };
		CEEDB89C201746E30027A3D6 /* oooTests.xctest */ = {isa = PBXFileReference; explicitFileType = wrapper.cfbundle; includeInIndex = 0; path = oooTests.xctest; sourceTree = BUILT_PRODUCTS_DIR; };
		CEEDB8A0201746E30027A3D6 /* oooTests.m */ = {isa = PBXFileReference; lastKnownFileType = sourcecode.c.objc; path = oooTests.m; sourceTree = "<group>"; };
		CEEDB8A2201746E30027A3D6 /* Info.plist */ = {isa = PBXFileReference; lastKnownFileType = text.plist.xml; path = Info.plist; sourceTree = "<group>"; };
		CEEDB8A7201746E30027A3D6 /* oooUITests.xctest */ = {isa = PBXFileReference; explicitFileType = wrapper.cfbundle; includeInIndex = 0; path = oooUITests.xctest; sourceTree = BUILT_PRODUCTS_DIR; };
		CEEDB8AB201746E30027A3D6 /* oooUITests.m */ = {isa = PBXFileReference; lastKnownFileType = sourcecode.c.objc; path = oooUITests.m; sourceTree = "<group>"; };
		CEEDB8AD201746E30027A3D6 /* Info.plist */ = {isa = PBXFileReference; lastKnownFileType = text.plist.xml; path = Info.plist; sourceTree = "<group>"; };
/* End PBXFileReference section */

/* Begin PBXFrameworksBuildPhase section */
		CEEDB881201746E20027A3D6 /* Frameworks */ = {
			isa = PBXFrameworksBuildPhase;
			buildActionMask = 2147483647;
			files = (
			);
			runOnlyForDeploymentPostprocessing = 0;
		};
		CEEDB899201746E30027A3D6 /* Frameworks */ = {
			isa = PBXFrameworksBuildPhase;
			buildActionMask = 2147483647;
			files = (
			);
			runOnlyForDeploymentPostprocessing = 0;
		};
		CEEDB8A4201746E30027A3D6 /* Frameworks */ = {
			isa = PBXFrameworksBuildPhase;
			buildActionMask = 2147483647;
			files = (
			);
			runOnlyForDeploymentPostprocessing = 0;
		};
/* End PBXFrameworksBuildPhase section */

/* Begin PBXGroup section */
		CEEDB87B201746E20027A3D6 = {
			isa = PBXGroup;
			children = (
				CEEDB886201746E20027A3D6 /* ooo */,
				CEEDB89F201746E30027A3D6 /* oooTests */,
				CEEDB8AA201746E30027A3D6 /* oooUITests */,
				CEEDB885201746E20027A3D6 /* Products */,
			);
			sourceTree = "<group>";
		};
		CEEDB885201746E20027A3D6 /* Products */ = {
			isa = PBXGroup;
			children = (
				CEEDB884201746E20027A3D6 /* ooo.app */,
				CEEDB89C201746E30027A3D6 /* oooTests.xctest */,
				CEEDB8A7201746E30027A3D6 /* oooUITests.xctest */,
			);
			name = Products;
			sourceTree = "<group>";
		};
		CEEDB886201746E20027A3D6 /* ooo */ = {
			isa = PBXGroup;
			children = (
				CEEDB887201746E20027A3D6 /* AppDelegate.h */,
				CEEDB888201746E30027A3D6 /* AppDelegate.m */,
				CEEDB88A201746E30027A3D6 /* ViewController.h */,
				CEEDB88B201746E30027A3D6 /* ViewController.m */,
				CEEDB890201746E30027A3D6 /* Assets.xcassets */,
				CEEDB892201746E30027A3D6 /* LaunchScreen.storyboard */,
				CEEDB895201746E30027A3D6 /* Info.plist */,
				CEEDB896201746E30027A3D6 /* main.m */,
			);
			path = ooo;
			sourceTree = "<group>";
		};
		CEEDB89F201746E30027A3D6 /* oooTests */ = {
			isa = PBXGroup;
			children = (
				CEEDB8A0201746E30027A3D6 /* oooTests.m */,
				CEEDB8A2201746E30027A3D6 /* Info.plist */,
			);
			path = oooTests;
			sourceTree = "<group>";
		};
		CEEDB8AA201746E30027A3D6 /* oooUITests */ = {
			isa = PBXGroup;
			children = (
				CEEDB8AB201746E30027A3D6 /* oooUITests.m */,
				CEEDB8AD201746E30027A3D6 /* Info.plist */,
			);
			path = oooUITests;
			sourceTree = "<group>";
		};
/* End PBXGroup section */

/* Begin PBXNativeTarget section */
		CEEDB883201746E20027A3D6 /* ooo */ = {
			isa = PBXNativeTarget;
			buildConfigurationList = CEEDB8B0201746E30027A3D6 /* Build configuration list for PBXNativeTarget "ooo" */;
			buildPhases = (
				CEEDB880201746E20027A3D6 /* Sources */,
				CEEDB881201746E20027A3D6 /* Frameworks */,
				CEEDB882201746E20027A3D6 /* Resources */,
			);
			buildRules = (
			);
			dependencies = (
			);
			name = ooo;
			productName = ooo;
			productReference = CEEDB884201746E20027A3D6 /* ooo.app */;
			productType = "com.apple.product-type.application";
		};
		CEEDB89B201746E30027A3D6 /* oooTests */ = {
			isa = PBXNativeTarget;
			buildConfigurationList = CEEDB8B3201746E30027A3D6 /* Build configuration list for PBXNativeTarget "oooTests" */;
			buildPhases = (
				CEEDB898201746E30027A3D6 /* Sources */,
				CEEDB899201746E30027A3D6 /* Frameworks */,
				CEEDB89A201746E30027A3D6 /* Resources */,
			);
			buildRules = (
			);
			dependencies = (
				CEEDB89E201746E30027A3D6 /* PBXTargetDependency */,
			);
			name = oooTests;
			productName = oooTests;
			productReference = CEEDB89C201746E30027A3D6 /* oooTests.xctest */;
			productType = "com.apple.product-type.bundle.unit-test";
		};
		CEEDB8A6201746E30027A3D6 /* oooUITests */ = {
			isa = PBXNativeTarget;
			buildConfigurationList = CEEDB8B6201746E30027A3D6 /* Build configuration list for PBXNativeTarget "oooUITests" */;
			buildPhases = (
				CEEDB8A3201746E30027A3D6 /* Sources */,
				CEEDB8A4201746E30027A3D6 /* Frameworks */,
				CEEDB8A5201746E30027A3D6 /* Resources */,
			);
			buildRules = (
			);
			dependencies = (
				CEEDB8A9201746E30027A3D6 /* PBXTargetDependency */,
			);
			name = oooUITests;
			productName = oooUITests;
			productReference = CEEDB8A7201746E30027A3D6 /* oooUITests.xctest */;
			productType = "com.apple.product-type.bundle.ui-testing";
		};
/* End PBXNativeTarget section */

/* Begin PBXProject section */
		CEEDB87C201746E20027A3D6 /* Project object */ = {
			isa = PBXProject;
			attributes = {
				LastUpgradeCheck = 0920;
				ORGANIZATIONNAME = Despairdog;
				TargetAttributes = {
					CEEDB883201746E20027A3D6 = {
						CreatedOnToolsVersion = 9.2;
						ProvisioningStyle = Automatic;
					};
					CEEDB89B201746E30027A3D6 = {
						CreatedOnToolsVersion = 9.2;
						ProvisioningStyle = Automatic;
						TestTargetID = CEEDB883201746E20027A3D6;
					};
					CEEDB8A6201746E30027A3D6 = {
						CreatedOnToolsVersion = 9.2;
						ProvisioningStyle = Automatic;
						TestTargetID = CEEDB883201746E20027A3D6;
					};
				};
			};
			buildConfigurationList = CEEDB87F201746E20027A3D6 /* Build configuration list for PBXProject "ooo" */;
			compatibilityVersion = "Xcode 8.0";
			developmentRegion = en;
			hasScannedForEncodings = 0;
			knownRegions = (
				en,
				Base,
			);
			mainGroup = CEEDB87B201746E20027A3D6;
			productRefGroup = CEEDB885201746E20027A3D6 /* Products */;
			projectDirPath = "";
			projectRoot = "";
			targets = (
				CEEDB883201746E20027A3D6 /* ooo */,
				CEEDB89B201746E30027A3D6 /* oooTests */,
				CEEDB8A6201746E30027A3D6 /* oooUITests */,
			);
		};
/* End PBXProject section */

/* Begin PBXResourcesBuildPhase section */
		CEEDB882201746E20027A3D6 /* Resources */ = {
			isa = PBXResourcesBuildPhase;
			buildActionMask = 2147483647;
			files = (
				CEEDB894201746E30027A3D6 /* LaunchScreen.storyboard in Resources */,
				CEEDB891201746E30027A3D6 /* Assets.xcassets in Resources */,
			);
			runOnlyForDeploymentPostprocessing = 0;
		};
		CEEDB89A201746E30027A3D6 /* Resources */ = {
			isa = PBXResourcesBuildPhase;
			buildActionMask = 2147483647;
			files = (
			);
			runOnlyForDeploymentPostprocessing = 0;
		};
		CEEDB8A5201746E30027A3D6 /* Resources */ = {
			isa = PBXResourcesBuildPhase;
			buildActionMask = 2147483647;
			files = (
			);
			runOnlyForDeploymentPostprocessing = 0;
		};
/* End PBXResourcesBuildPhase section */

/* Begin PBXSourcesBuildPhase section */
		CEEDB880201746E20027A3D6 /* Sources */ = {
			isa = PBXSourcesBuildPhase;
			buildActionMask = 2147483647;
			files = (
				CEEDB88C201746E30027A3D6 /* ViewController.m in Sources */,
				CEEDB897201746E30027A3D6 /* main.m in Sources */,
				CEEDB889201746E30027A3D6 /* AppDelegate.m in Sources */,
			);
			runOnlyForDeploymentPostprocessing = 0;
		};
		CEEDB898201746E30027A3D6 /* Sources */ = {
			isa = PBXSourcesBuildPhase;
			buildActionMask = 2147483647;
			files = (
				CEEDB8A1201746E30027A3D6 /* oooTests.m in Sources */,
			);
			runOnlyForDeploymentPostprocessing = 0;
		};
		CEEDB8A3201746E30027A3D6 /* Sources */ = {
			isa = PBXSourcesBuildPhase;
			buildActionMask = 2147483647;
			files = (
				CEEDB8AC201746E30027A3D6 /* oooUITests.m in Sources */,
			);
			runOnlyForDeploymentPostprocessing = 0;
		};
/* End PBXSourcesBuildPhase section */

/* Begin PBXTargetDependency section */
		CEEDB89E201746E30027A3D6 /* PBXTargetDependency */ = {
			isa = PBXTargetDependency;
			target = CEEDB883201746E20027A3D6 /* ooo */;
			targetProxy = CEEDB89D201746E30027A3D6 /* PBXContainerItemProxy */;
		};
		CEEDB8A9201746E30027A3D6 /* PBXTargetDependency */ = {
			isa = PBXTargetDependency;
			target = CEEDB883201746E20027A3D6 /* ooo */;
			targetProxy = CEEDB8A8201746E30027A3D6 /* PBXContainerItemProxy */;
		};
/* End PBXTargetDependency section */

/* Begin PBXVariantGroup section */
		CEEDB892201746E30027A3D6 /* LaunchScreen.storyboard */ = {
			isa = PBXVariantGroup;
			children = (
				CEEDB893201746E30027A3D6 /* Base */,
			);
			name = LaunchScreen.storyboard;
			sourceTree = "<group>";
		};
/* End PBXVariantGroup section */

/* Begin XCBuildConfiguration section */
		CEEDB8AE201746E30027A3D6 /* Debug */ = {
			isa = XCBuildConfiguration;
			buildSettings = {
				ALWAYS_SEARCH_USER_PATHS = NO;
				CLANG_ANALYZER_NONNULL = YES;
				CLANG_ANALYZER_NUMBER_OBJECT_CONVERSION = YES_AGGRESSIVE;
				CLANG_CXX_LANGUAGE_STANDARD = "gnu++14";
				CLANG_CXX_LIBRARY = "libc++";
				CLANG_ENABLE_MODULES = YES;
				CLANG_ENABLE_OBJC_ARC = YES;
				CLANG_WARN_BLOCK_CAPTURE_AUTORELEASING = YES;
				CLANG_WARN_BOOL_CONVERSION = YES;
				CLANG_WARN_COMMA = YES;
				CLANG_WARN_CONSTANT_CONVERSION = YES;
				CLANG_WARN_DIRECT_OBJC_ISA_USAGE = YES_ERROR;
				CLANG_WARN_DOCUMENTATION_COMMENTS = YES;
				CLANG_WARN_EMPTY_BODY = YES;
				CLANG_WARN_ENUM_CONVERSION = YES;
				CLANG_WARN_INFINITE_RECURSION = YES;
				CLANG_WARN_INT_CONVERSION = YES;
				CLANG_WARN_NON_LITERAL_NULL_CONVERSION = YES;
				CLANG_WARN_OBJC_LITERAL_CONVERSION = YES;
				CLANG_WARN_OBJC_ROOT_CLASS = YES_ERROR;
				CLANG_WARN_RANGE_LOOP_ANALYSIS = YES;
				CLANG_WARN_STRICT_PROTOTYPES = YES;
				CLANG_WARN_SUSPICIOUS_MOVE = YES;
				CLANG_WARN_UNGUARDED_AVAILABILITY = YES_AGGRESSIVE;
				CLANG_WARN_UNREACHABLE_CODE = YES;
				CLANG_WARN__DUPLICATE_METHOD_MATCH = YES;
				CODE_SIGN_IDENTITY = "iPhone Developer";
				COPY_PHASE_STRIP = NO;
				DEBUG_INFORMATION_FORMAT = dwarf;
				ENABLE_STRICT_OBJC_MSGSEND = YES;
				ENABLE_TESTABILITY = YES;
				GCC_C_LANGUAGE_STANDARD = gnu11;
				GCC_DYNAMIC_NO_PIC = NO;
				GCC_NO_COMMON_BLOCKS = YES;
				GCC_OPTIMIZATION_LEVEL = 0;
				GCC_PREPROCESSOR_DEFINITIONS = (
					"DEBUG=1",
					"$(inherited)",
				);
				GCC_WARN_64_TO_32_BIT_CONVERSION = YES;
				GCC_WARN_ABOUT_RETURN_TYPE = YES_ERROR;
				GCC_WARN_UNDECLARED_SELECTOR = YES;
				GCC_WARN_UNINITIALIZED_AUTOS = YES_AGGRESSIVE;
				GCC_WARN_UNUSED_FUNCTION = YES;
				GCC_WARN_UNUSED_VARIABLE = YES;
				IPHONEOS_DEPLOYMENT_TARGET = 11.2;
				MTL_ENABLE_DEBUG_INFO = YES;
				ONLY_ACTIVE_ARCH = YES;
				SDKROOT = iphoneos;
			};
			name = Debug;
		};
		CEEDB8AF201746E30027A3D6 /* Release */ = {
			isa = XCBuildConfiguration;
			buildSettings = {
				ALWAYS_SEARCH_USER_PATHS = NO;
				CLANG_ANALYZER_NONNULL = YES;
				CLANG_ANALYZER_NUMBER_OBJECT_CONVERSION = YES_AGGRESSIVE;
				CLANG_CXX_LANGUAGE_STANDARD = "gnu++14";
				CLANG_CXX_LIBRARY = "libc++";
				CLANG_ENABLE_MODULES = YES;
				CLANG_ENABLE_OBJC_ARC = YES;
				CLANG_WARN_BLOCK_CAPTURE_AUTORELEASING = YES;
				CLANG_WARN_BOOL_CONVERSION = YES;
				CLANG_WARN_COMMA = YES;
				CLANG_WARN_CONSTANT_CONVERSION = YES;
				CLANG_WARN_DIRECT_OBJC_ISA_USAGE = YES_ERROR;
				CLANG_WARN_DOCUMENTATION_COMMENTS = YES;
				CLANG_WARN_EMPTY_BODY = YES;
				CLANG_WARN_ENUM_CONVERSION = YES;
				CLANG_WARN_INFINITE_RECURSION = YES;
				CLANG_WARN_INT_CONVERSION = YES;
				CLANG_WARN_NON_LITERAL_NULL_CONVERSION = YES;
				CLANG_WARN_OBJC_LITERAL_CONVERSION = YES;
				CLANG_WARN_OBJC_ROOT_CLASS = YES_ERROR;
				CLANG_WARN_RANGE_LOOP_ANALYSIS = YES;
				CLANG_WARN_STRICT_PROTOTYPES = YES;
				CLANG_WARN_SUSPICIOUS_MOVE = YES;
				CLANG_WARN_UNGUARDED_AVAILABILITY = YES_AGGRESSIVE;
				CLANG_WARN_UNREACHABLE_CODE = YES;
				CLANG_WARN__DUPLICATE_METHOD_MATCH = YES;
				CODE_SIGN_IDENTITY = "iPhone Developer";
				COPY_PHASE_STRIP = NO;
				DEBUG_INFORMATION_FORMAT = "dwarf-with-dsym";
				ENABLE_NS_ASSERTIONS = NO;
				ENABLE_STRICT_OBJC_MSGSEND = YES;
				GCC_C_LANGUAGE_STANDARD = gnu11;
				GCC_NO_COMMON_BLOCKS = YES;
				GCC_WARN_64_TO_32_BIT_CONVERSION = YES;
				GCC_WARN_ABOUT_RETURN_TYPE = YES_ERROR;
				GCC_WARN_UNDECLARED_SELECTOR = YES;
				GCC_WARN_UNINITIALIZED_AUTOS = YES_AGGRESSIVE;
				GCC_WARN_UNUSED_FUNCTION = YES;
				GCC_WARN_UNUSED_VARIABLE = YES;
				IPHONEOS_DEPLOYMENT_TARGET = 11.2;
				MTL_ENABLE_DEBUG_INFO = NO;
				SDKROOT = iphoneos;
				VALIDATE_PRODUCT = YES;
			};
			name = Release;
		};
		CEEDB8B1201746E30027A3D6 /* Debug */ = {
			isa = XCBuildConfiguration;
			buildSettings = {
				ASSETCATALOG_COMPILER_APPICON_NAME = AppIcon;
				CODE_SIGN_STYLE = Automatic;
				DEVELOPMENT_TEAM = 7K5F57NR82;
				INFOPLIST_FILE = ooo/Info.plist;
				LD_RUNPATH_SEARCH_PATHS = "$(inherited) @executable_path/Frameworks";
				PRODUCT_BUNDLE_IDENTIFIER = "gdgt.---";
				PRODUCT_NAME = "$(TARGET_NAME)";
				TARGETED_DEVICE_FAMILY = "1,2";
			};
			name = Debug;
		};
		CEEDB8B2201746E30027A3D6 /* Release */ = {
			isa = XCBuildConfiguration;
			buildSettings = {
				ASSETCATALOG_COMPILER_APPICON_NAME = AppIcon;
				CODE_SIGN_STYLE = Automatic;
				DEVELOPMENT_TEAM = 7K5F57NR82;
				INFOPLIST_FILE = ooo/Info.plist;
				LD_RUNPATH_SEARCH_PATHS = "$(inherited) @executable_path/Frameworks";
				PRODUCT_BUNDLE_IDENTIFIER = "gdgt.---";
				PRODUCT_NAME = "$(TARGET_NAME)";
				TARGETED_DEVICE_FAMILY = "1,2";
			};
			name = Release;
		};
		CEEDB8B4201746E30027A3D6 /* Debug */ = {
			isa = XCBuildConfiguration;
			buildSettings = {
				BUNDLE_LOADER = "$(TEST_HOST)";
				CODE_SIGN_STYLE = Automatic;
				DEVELOPMENT_TEAM = 7K5F57NR82;
				INFOPLIST_FILE = oooTests/Info.plist;
				LD_RUNPATH_SEARCH_PATHS = "$(inherited) @executable_path/Frameworks @loader_path/Frameworks";
				PRODUCT_BUNDLE_IDENTIFIER = "gdgt.---.oooTests";
				PRODUCT_NAME = "$(TARGET_NAME)";
				TARGETED_DEVICE_FAMILY = "1,2";
				TEST_HOST = "$(BUILT_PRODUCTS_DIR)/ooo.app/ooo";
			};
			name = Debug;
		};
		CEEDB8B5201746E30027A3D6 /* Release */ = {
			isa = XCBuildConfiguration;
			buildSettings = {
				BUNDLE_LOADER = "$(TEST_HOST)";
				CODE_SIGN_STYLE = Automatic;
				DEVELOPMENT_TEAM = 7K5F57NR82;
				INFOPLIST_FILE = oooTests/Info.plist;
				LD_RUNPATH_SEARCH_PATHS = "$(inherited) @executable_path/Frameworks @loader_path/Frameworks";
				PRODUCT_BUNDLE_IDENTIFIER = "gdgt.---.oooTests";
				PRODUCT_NAME = "$(TARGET_NAME)";
				TARGETED_DEVICE_FAMILY = "1,2";
				TEST_HOST = "$(BUILT_PRODUCTS_DIR)/ooo.app/ooo";
			};
			name = Release;
		};
		CEEDB8B7201746E30027A3D6 /* Debug */ = {
			isa = XCBuildConfiguration;
			buildSettings = {
				CODE_SIGN_STYLE = Automatic;
				DEVELOPMENT_TEAM = 7K5F57NR82;
				INFOPLIST_FILE = oooUITests/Info.plist;
				LD_RUNPATH_SEARCH_PATHS = "$(inherited) @executable_path/Frameworks @loader_path/Frameworks";
				PRODUCT_BUNDLE_IDENTIFIER = "gdgt.---.oooUITests";
				PRODUCT_NAME = "$(TARGET_NAME)";
				TARGETED_DEVICE_FAMILY = "1,2";
				TEST_TARGET_NAME = ooo;
			};
			name = Debug;
		};
		CEEDB8B8201746E30027A3D6 /* Release */ = {
			isa = XCBuildConfiguration;
			buildSettings = {
				CODE_SIGN_STYLE = Automatic;
				DEVELOPMENT_TEAM = 7K5F57NR82;
				INFOPLIST_FILE = oooUITests/Info.plist;
				LD_RUNPATH_SEARCH_PATHS = "$(inherited) @executable_path/Frameworks @loader_path/Frameworks";
				PRODUCT_BUNDLE_IDENTIFIER = "gdgt.---.oooUITests";
				PRODUCT_NAME = "$(TARGET_NAME)";
				TARGETED_DEVICE_FAMILY = "1,2";
				TEST_TARGET_NAME = ooo;
			};
			name = Release;
		};
/* End XCBuildConfiguration section */

/* Begin XCConfigurationList section */
		CEEDB87F201746E20027A3D6 /* Build configuration list for PBXProject "ooo" */ = {
			isa = XCConfigurationList;
			buildConfigurations = (
				CEEDB8AE201746E30027A3D6 /* Debug */,
				CEEDB8AF201746E30027A3D6 /* Release */,
			);
			defaultConfigurationIsVisible = 0;
			defaultConfigurationName = Release;
		};
		CEEDB8B0201746E30027A3D6 /* Build configuration list for PBXNativeTarget "ooo" */ = {
			isa = XCConfigurationList;
			buildConfigurations = (
				CEEDB8B1201746E30027A3D6 /* Debug */,
				CEEDB8B2201746E30027A3D6 /* Release */,
			);
			defaultConfigurationIsVisible = 0;
			defaultConfigurationName = Release;
		};
		CEEDB8B3201746E30027A3D6 /* Build configuration list for PBXNativeTarget "oooTests" */ = {
			isa = XCConfigurationList;
			buildConfigurations = (
				CEEDB8B4201746E30027A3D6 /* Debug */,
				CEEDB8B5201746E30027A3D6 /* Release */,
			);
			defaultConfigurationIsVisible = 0;
			defaultConfigurationName = Release;
		};
		CEEDB8B6201746E30027A3D6 /* Build configuration list for PBXNativeTarget "oooUITests" */ = {
			isa = XCConfigurationList;
			buildConfigurations = (
				CEEDB8B7201746E30027A3D6 /* Debug */,
				CEEDB8B8201746E30027A3D6 /* Release */,
			);
			defaultConfigurationIsVisible = 0;
			defaultConfigurationName = Release;
		};
/* End XCConfigurationList section */
	};
	rootObject = CEEDB87C201746E20027A3D6 /* Project object */;
}
